// !$*UTF8*$!
{
	archiveVersion = 1;
	classes = {
	};
	objectVersion = 46;
	objects = {

/* Begin PBXBuildFile section */
		7EE7A04C91CB4B4A97878183 /* libPods.a in Frameworks */ = {isa = PBXBuildFile; fileRef = 1F9A0DCC0E8E43A3881D1A80 /* libPods.a */; };
		C731A58F194C66ED00DCD6F3 /* Arrow.m in Sources */ = {isa = PBXBuildFile; fileRef = C731A57F194C66ED00DCD6F3 /* Arrow.m */; };
		C731A590194C66ED00DCD6F3 /* CAScrollLayerExampleVC.m in Sources */ = {isa = PBXBuildFile; fileRef = C731A581194C66ED00DCD6F3 /* CAScrollLayerExampleVC.m */; };
		C731A591194C66ED00DCD6F3 /* CATransformLayerExample.m in Sources */ = {isa = PBXBuildFile; fileRef = C731A583194C66ED00DCD6F3 /* CATransformLayerExample.m */; };
		C731A592194C66ED00DCD6F3 /* ClockLayer.m in Sources */ = {isa = PBXBuildFile; fileRef = C731A585194C66ED00DCD6F3 /* ClockLayer.m */; };
		C731A593194C66ED00DCD6F3 /* ClockView.m in Sources */ = {isa = PBXBuildFile; fileRef = C731A587194C66ED00DCD6F3 /* ClockView.m */; };
		C731A594194C66ED00DCD6F3 /* Layers.storyboard in Resources */ = {isa = PBXBuildFile; fileRef = C731A588194C66ED00DCD6F3 /* Layers.storyboard */; };
		C731A595194C66ED00DCD6F3 /* MainLayersTableVC.m in Sources */ = {isa = PBXBuildFile; fileRef = C731A58A194C66ED00DCD6F3 /* MainLayersTableVC.m */; };
		C731A596194C66ED00DCD6F3 /* SignalView.m in Sources */ = {isa = PBXBuildFile; fileRef = C731A58C194C66ED00DCD6F3 /* SignalView.m */; };
		C731A597194C66ED00DCD6F3 /* GenericLayersVC.m in Sources */ = {isa = PBXBuildFile; fileRef = C731A58E194C66ED00DCD6F3 /* GenericLayersVC.m */; };
		C7B6CD62194C32830084968B /* Foundation.framework in Frameworks */ = {isa = PBXBuildFile; fileRef = C7B6CD61194C32830084968B /* Foundation.framework */; };
		C7B6CD64194C32830084968B /* CoreGraphics.framework in Frameworks */ = {isa = PBXBuildFile; fileRef = C7B6CD63194C32830084968B /* CoreGraphics.framework */; };
		C7B6CD66194C32830084968B /* UIKit.framework in Frameworks */ = {isa = PBXBuildFile; fileRef = C7B6CD65194C32830084968B /* UIKit.framework */; };
		C7B6CD6C194C32830084968B /* InfoPlist.strings in Resources */ = {isa = PBXBuildFile; fileRef = C7B6CD6A194C32830084968B /* InfoPlist.strings */; };
		C7B6CD6E194C32830084968B /* main.m in Sources */ = {isa = PBXBuildFile; fileRef = C7B6CD6D194C32830084968B /* main.m */; };
		C7B6CD72194C32830084968B /* AppDelegate.m in Sources */ = {isa = PBXBuildFile; fileRef = C7B6CD71194C32830084968B /* AppDelegate.m */; };
		C7B6CD75194C32830084968B /* Main.storyboard in Resources */ = {isa = PBXBuildFile; fileRef = C7B6CD73194C32830084968B /* Main.storyboard */; };
		C7B6CD78194C32830084968B /* ViewController.m in Sources */ = {isa = PBXBuildFile; fileRef = C7B6CD77194C32830084968B /* ViewController.m */; };
		C7B6CD7A194C32830084968B /* Images.xcassets in Resources */ = {isa = PBXBuildFile; fileRef = C7B6CD79194C32830084968B /* Images.xcassets */; };
		C7B6CD81194C32830084968B /* XCTest.framework in Frameworks */ = {isa = PBXBuildFile; fileRef = C7B6CD80194C32830084968B /* XCTest.framework */; };
		C7B6CD82194C32830084968B /* Foundation.framework in Frameworks */ = {isa = PBXBuildFile; fileRef = C7B6CD61194C32830084968B /* Foundation.framework */; };
		C7B6CD83194C32830084968B /* UIKit.framework in Frameworks */ = {isa = PBXBuildFile; fileRef = C7B6CD65194C32830084968B /* UIKit.framework */; };
		C7B6CD8B194C32830084968B /* InfoPlist.strings in Resources */ = {isa = PBXBuildFile; fileRef = C7B6CD89194C32830084968B /* InfoPlist.strings */; };
		C7B6CD8D194C32830084968B /* Week3Tests.m in Sources */ = {isa = PBXBuildFile; fileRef = C7B6CD8C194C32830084968B /* Week3Tests.m */; };
		C7B6CDD1194C353B0084968B /* BezierFace.m in Sources */ = {isa = PBXBuildFile; fileRef = C7B6CDC2194C353B0084968B /* BezierFace.m */; };
		C7B6CDD2194C353B0084968B /* BlurExampleVC.m in Sources */ = {isa = PBXBuildFile; fileRef = C7B6CDC4194C353B0084968B /* BlurExampleVC.m */; };
		C7B6CDD3194C353B0084968B /* CoreGraphicsExamplesVC.m in Sources */ = {isa = PBXBuildFile; fileRef = C7B6CDC6194C353B0084968B /* CoreGraphicsExamplesVC.m */; };
		C7B6CDD4194C353B0084968B /* FiltersVC.m in Sources */ = {isa = PBXBuildFile; fileRef = C7B6CDC8194C353B0084968B /* FiltersVC.m */; };
		C7B6CDD5194C353B0084968B /* GenericDrawingVC.m in Sources */ = {isa = PBXBuildFile; fileRef = C7B6CDCA194C353B0084968B /* GenericDrawingVC.m */; };
		C7B6CDD6194C353B0084968B /* MainDrawingTableVC.m in Sources */ = {isa = PBXBuildFile; fileRef = C7B6CDCC194C353B0084968B /* MainDrawingTableVC.m */; };
		C7B6CDD7194C353B0084968B /* UIImage+ImageEffects.m in Sources */ = {isa = PBXBuildFile; fileRef = C7B6CDCE194C353B0084968B /* UIImage+ImageEffects.m */; };
		C7B6CDD8194C353B0084968B /* VignetteFilter.m in Sources */ = {isa = PBXBuildFile; fileRef = C7B6CDD0194C353B0084968B /* VignetteFilter.m */; };
		C7B6CDDC194C36210084968B /* Drawing.storyboard in Resources */ = {isa = PBXBuildFile; fileRef = C7B6CDDB194C36210084968B /* Drawing.storyboard */; };
		C7B6CDEA194C3A720084968B /* DragView.m in Sources */ = {isa = PBXBuildFile; fileRef = C7B6CDE0194C3A720084968B /* DragView.m */; };
		C7B6CDEB194C3A720084968B /* MainViewManagementTableVC.m in Sources */ = {isa = PBXBuildFile; fileRef = C7B6CDE2194C3A720084968B /* MainViewManagementTableVC.m */; };
		C7B6CDEC194C3A720084968B /* ViewManagement.storyboard in Resources */ = {isa = PBXBuildFile; fileRef = C7B6CDE3194C3A720084968B /* ViewManagement.storyboard */; };
		C7B6CDED194C3A720084968B /* MultipleTouchView.m in Sources */ = {isa = PBXBuildFile; fileRef = C7B6CDE5194C3A720084968B /* MultipleTouchView.m */; };
		C7B6CDEE194C3A720084968B /* MyButton.m in Sources */ = {isa = PBXBuildFile; fileRef = C7B6CDE7194C3A720084968B /* MyButton.m */; };
		C7B6CDEF194C3A720084968B /* GenericViewManagementVC.m in Sources */ = {isa = PBXBuildFile; fileRef = C7B6CDE9194C3A720084968B /* GenericViewManagementVC.m */; };
		C7BFA43019507CA000197851 /* bFace.m in Sources */ = {isa = PBXBuildFile; fileRef = C7BFA42F19507CA000197851 /* bFace.m */; };
		C7C38867194D926500B32603 /* HexagonsDrawingView.m in Sources */ = {isa = PBXBuildFile; fileRef = C7C38866194D926500B32603 /* HexagonsDrawingView.m */; };
		C7C3886A194D9C1300B32603 /* HexagonButton.m in Sources */ = {isa = PBXBuildFile; fileRef = C7C38869194D9C1300B32603 /* HexagonButton.m */; };
/* End PBXBuildFile section */

/* Begin PBXContainerItemProxy section */
		C7B6CD84194C32830084968B /* PBXContainerItemProxy */ = {
			isa = PBXContainerItemProxy;
			containerPortal = C7B6CD56194C32830084968B /* Project object */;
			proxyType = 1;
			remoteGlobalIDString = C7B6CD5D194C32830084968B;
			remoteInfo = Week3;
		};
/* End PBXContainerItemProxy section */

/* Begin PBXFileReference section */
		1F9A0DCC0E8E43A3881D1A80 /* libPods.a */ = {isa = PBXFileReference; explicitFileType = archive.ar; includeInIndex = 0; path = libPods.a; sourceTree = BUILT_PRODUCTS_DIR; };
		4F9E175B450940BB8C882FE8 /* Pods.xcconfig */ = {isa = PBXFileReference; includeInIndex = 1; lastKnownFileType = text.xcconfig; name = Pods.xcconfig; path = Pods/Pods.xcconfig; sourceTree = "<group>"; };
		C731A57E194C66ED00DCD6F3 /* Arrow.h */ = {isa = PBXFileReference; fileEncoding = 4; lastKnownFileType = sourcecode.c.h; path = Arrow.h; sourceTree = "<group>"; };
		C731A57F194C66ED00DCD6F3 /* Arrow.m */ = {isa = PBXFileReference; fileEncoding = 4; lastKnownFileType = sourcecode.c.objc; path = Arrow.m; sourceTree = "<group>"; };
		C731A580194C66ED00DCD6F3 /* CAScrollLayerExampleVC.h */ = {isa = PBXFileReference; fileEncoding = 4; lastKnownFileType = sourcecode.c.h; path = CAScrollLayerExampleVC.h; sourceTree = "<group>"; };
		C731A581194C66ED00DCD6F3 /* CAScrollLayerExampleVC.m */ = {isa = PBXFileReference; fileEncoding = 4; lastKnownFileType = sourcecode.c.objc; path = CAScrollLayerExampleVC.m; sourceTree = "<group>"; };
		C731A582194C66ED00DCD6F3 /* CATransformLayerExample.h */ = {isa = PBXFileReference; fileEncoding = 4; lastKnownFileType = sourcecode.c.h; path = CATransformLayerExample.h; sourceTree = "<group>"; };
		C731A583194C66ED00DCD6F3 /* CATransformLayerExample.m */ = {isa = PBXFileReference; fileEncoding = 4; lastKnownFileType = sourcecode.c.objc; path = CATransformLayerExample.m; sourceTree = "<group>"; };
		C731A584194C66ED00DCD6F3 /* ClockLayer.h */ = {isa = PBXFileReference; fileEncoding = 4; lastKnownFileType = sourcecode.c.h; path = ClockLayer.h; sourceTree = "<group>"; };
		C731A585194C66ED00DCD6F3 /* ClockLayer.m */ = {isa = PBXFileReference; fileEncoding = 4; lastKnownFileType = sourcecode.c.objc; path = ClockLayer.m; sourceTree = "<group>"; };
		C731A586194C66ED00DCD6F3 /* ClockView.h */ = {isa = PBXFileReference; fileEncoding = 4; lastKnownFileType = sourcecode.c.h; path = ClockView.h; sourceTree = "<group>"; };
		C731A587194C66ED00DCD6F3 /* ClockView.m */ = {isa = PBXFileReference; fileEncoding = 4; lastKnownFileType = sourcecode.c.objc; path = ClockView.m; sourceTree = "<group>"; };
		C731A588194C66ED00DCD6F3 /* Layers.storyboard */ = {isa = PBXFileReference; fileEncoding = 4; lastKnownFileType = file.storyboard; path = Layers.storyboard; sourceTree = "<group>"; };
		C731A589194C66ED00DCD6F3 /* MainLayersTableVC.h */ = {isa = PBXFileReference; fileEncoding = 4; lastKnownFileType = sourcecode.c.h; path = MainLayersTableVC.h; sourceTree = "<group>"; };
		C731A58A194C66ED00DCD6F3 /* MainLayersTableVC.m */ = {isa = PBXFileReference; fileEncoding = 4; lastKnownFileType = sourcecode.c.objc; path = MainLayersTableVC.m; sourceTree = "<group>"; };
		C731A58B194C66ED00DCD6F3 /* SignalView.h */ = {isa = PBXFileReference; fileEncoding = 4; lastKnownFileType = sourcecode.c.h; path = SignalView.h; sourceTree = "<group>"; };
		C731A58C194C66ED00DCD6F3 /* SignalView.m */ = {isa = PBXFileReference; fileEncoding = 4; lastKnownFileType = sourcecode.c.objc; path = SignalView.m; sourceTree = "<group>"; };
		C731A58D194C66ED00DCD6F3 /* GenericLayersVC.h */ = {isa = PBXFileReference; fileEncoding = 4; lastKnownFileType = sourcecode.c.h; path = GenericLayersVC.h; sourceTree = "<group>"; };
		C731A58E194C66ED00DCD6F3 /* GenericLayersVC.m */ = {isa = PBXFileReference; fileEncoding = 4; lastKnownFileType = sourcecode.c.objc; path = GenericLayersVC.m; sourceTree = "<group>"; };
		C7B6CD5E194C32830084968B /* Week3.app */ = {isa = PBXFileReference; explicitFileType = wrapper.application; includeInIndex = 0; path = Week3.app; sourceTree = BUILT_PRODUCTS_DIR; };
		C7B6CD61194C32830084968B /* Foundation.framework */ = {isa = PBXFileReference; lastKnownFileType = wrapper.framework; name = Foundation.framework; path = System/Library/Frameworks/Foundation.framework; sourceTree = SDKROOT; };
		C7B6CD63194C32830084968B /* CoreGraphics.framework */ = {isa = PBXFileReference; lastKnownFileType = wrapper.framework; name = CoreGraphics.framework; path = System/Library/Frameworks/CoreGraphics.framework; sourceTree = SDKROOT; };
		C7B6CD65194C32830084968B /* UIKit.framework */ = {isa = PBXFileReference; lastKnownFileType = wrapper.framework; name = UIKit.framework; path = System/Library/Frameworks/UIKit.framework; sourceTree = SDKROOT; };
		C7B6CD69194C32830084968B /* Week3-Info.plist */ = {isa = PBXFileReference; lastKnownFileType = text.plist.xml; path = "Week3-Info.plist"; sourceTree = "<group>"; };
		C7B6CD6B194C32830084968B /* en */ = {isa = PBXFileReference; lastKnownFileType = text.plist.strings; name = en; path = en.lproj/InfoPlist.strings; sourceTree = "<group>"; };
		C7B6CD6D194C32830084968B /* main.m */ = {isa = PBXFileReference; lastKnownFileType = sourcecode.c.objc; path = main.m; sourceTree = "<group>"; };
		C7B6CD6F194C32830084968B /* Week3-Prefix.pch */ = {isa = PBXFileReference; lastKnownFileType = sourcecode.c.h; path = "Week3-Prefix.pch"; sourceTree = "<group>"; };
		C7B6CD70194C32830084968B /* AppDelegate.h */ = {isa = PBXFileReference; lastKnownFileType = sourcecode.c.h; path = AppDelegate.h; sourceTree = "<group>"; };
		C7B6CD71194C32830084968B /* AppDelegate.m */ = {isa = PBXFileReference; lastKnownFileType = sourcecode.c.objc; path = AppDelegate.m; sourceTree = "<group>"; };
		C7B6CD74194C32830084968B /* Base */ = {isa = PBXFileReference; lastKnownFileType = file.storyboard; name = Base; path = Base.lproj/Main.storyboard; sourceTree = "<group>"; };
		C7B6CD76194C32830084968B /* ViewController.h */ = {isa = PBXFileReference; lastKnownFileType = sourcecode.c.h; path = ViewController.h; sourceTree = "<group>"; };
		C7B6CD77194C32830084968B /* ViewController.m */ = {isa = PBXFileReference; lastKnownFileType = sourcecode.c.objc; path = ViewController.m; sourceTree = "<group>"; };
		C7B6CD79194C32830084968B /* Images.xcassets */ = {isa = PBXFileReference; lastKnownFileType = folder.assetcatalog; path = Images.xcassets; sourceTree = "<group>"; };
		C7B6CD7F194C32830084968B /* Week3Tests.xctest */ = {isa = PBXFileReference; explicitFileType = wrapper.cfbundle; includeInIndex = 0; path = Week3Tests.xctest; sourceTree = BUILT_PRODUCTS_DIR; };
		C7B6CD80194C32830084968B /* XCTest.framework */ = {isa = PBXFileReference; lastKnownFileType = wrapper.framework; name = XCTest.framework; path = Library/Frameworks/XCTest.framework; sourceTree = DEVELOPER_DIR; };
		C7B6CD88194C32830084968B /* Week3Tests-Info.plist */ = {isa = PBXFileReference; lastKnownFileType = text.plist.xml; path = "Week3Tests-Info.plist"; sourceTree = "<group>"; };
		C7B6CD8A194C32830084968B /* en */ = {isa = PBXFileReference; lastKnownFileType = text.plist.strings; name = en; path = en.lproj/InfoPlist.strings; sourceTree = "<group>"; };
		C7B6CD8C194C32830084968B /* Week3Tests.m */ = {isa = PBXFileReference; lastKnownFileType = sourcecode.c.objc; path = Week3Tests.m; sourceTree = "<group>"; };
		C7B6CDC1194C353B0084968B /* BezierFace.h */ = {isa = PBXFileReference; fileEncoding = 4; lastKnownFileType = sourcecode.c.h; path = BezierFace.h; sourceTree = "<group>"; };
		C7B6CDC2194C353B0084968B /* BezierFace.m */ = {isa = PBXFileReference; fileEncoding = 4; lastKnownFileType = sourcecode.c.objc; path = BezierFace.m; sourceTree = "<group>"; };
		C7B6CDC3194C353B0084968B /* BlurExampleVC.h */ = {isa = PBXFileReference; fileEncoding = 4; lastKnownFileType = sourcecode.c.h; path = BlurExampleVC.h; sourceTree = "<group>"; };
		C7B6CDC4194C353B0084968B /* BlurExampleVC.m */ = {isa = PBXFileReference; fileEncoding = 4; lastKnownFileType = sourcecode.c.objc; path = BlurExampleVC.m; sourceTree = "<group>"; };
		C7B6CDC5194C353B0084968B /* CoreGraphicsExamplesVC.h */ = {isa = PBXFileReference; fileEncoding = 4; lastKnownFileType = sourcecode.c.h; path = CoreGraphicsExamplesVC.h; sourceTree = "<group>"; };
		C7B6CDC6194C353B0084968B /* CoreGraphicsExamplesVC.m */ = {isa = PBXFileReference; fileEncoding = 4; lastKnownFileType = sourcecode.c.objc; path = CoreGraphicsExamplesVC.m; sourceTree = "<group>"; };
		C7B6CDC7194C353B0084968B /* FiltersVC.h */ = {isa = PBXFileReference; fileEncoding = 4; lastKnownFileType = sourcecode.c.h; path = FiltersVC.h; sourceTree = "<group>"; };
		C7B6CDC8194C353B0084968B /* FiltersVC.m */ = {isa = PBXFileReference; fileEncoding = 4; lastKnownFileType = sourcecode.c.objc; path = FiltersVC.m; sourceTree = "<group>"; };
		C7B6CDC9194C353B0084968B /* GenericDrawingVC.h */ = {isa = PBXFileReference; fileEncoding = 4; lastKnownFileType = sourcecode.c.h; path = GenericDrawingVC.h; sourceTree = "<group>"; };
		C7B6CDCA194C353B0084968B /* GenericDrawingVC.m */ = {isa = PBXFileReference; fileEncoding = 4; lastKnownFileType = sourcecode.c.objc; path = GenericDrawingVC.m; sourceTree = "<group>"; };
		C7B6CDCB194C353B0084968B /* MainDrawingTableVC.h */ = {isa = PBXFileReference; fileEncoding = 4; lastKnownFileType = sourcecode.c.h; path = MainDrawingTableVC.h; sourceTree = "<group>"; };
		C7B6CDCC194C353B0084968B /* MainDrawingTableVC.m */ = {isa = PBXFileReference; fileEncoding = 4; lastKnownFileType = sourcecode.c.objc; path = MainDrawingTableVC.m; sourceTree = "<group>"; };
		C7B6CDCD194C353B0084968B /* UIImage+ImageEffects.h */ = {isa = PBXFileReference; fileEncoding = 4; lastKnownFileType = sourcecode.c.h; path = "UIImage+ImageEffects.h"; sourceTree = "<group>"; };
		C7B6CDCE194C353B0084968B /* UIImage+ImageEffects.m */ = {isa = PBXFileReference; fileEncoding = 4; lastKnownFileType = sourcecode.c.objc; path = "UIImage+ImageEffects.m"; sourceTree = "<group>"; };
		C7B6CDCF194C353B0084968B /* VignetteFilter.h */ = {isa = PBXFileReference; fileEncoding = 4; lastKnownFileType = sourcecode.c.h; path = VignetteFilter.h; sourceTree = "<group>"; };
		C7B6CDD0194C353B0084968B /* VignetteFilter.m */ = {isa = PBXFileReference; fileEncoding = 4; lastKnownFileType = sourcecode.c.objc; path = VignetteFilter.m; sourceTree = "<group>"; };
		C7B6CDDB194C36210084968B /* Drawing.storyboard */ = {isa = PBXFileReference; fileEncoding = 4; lastKnownFileType = file.storyboard; path = Drawing.storyboard; sourceTree = "<group>"; };
		C7B6CDDF194C3A720084968B /* DragView.h */ = {isa = PBXFileReference; fileEncoding = 4; lastKnownFileType = sourcecode.c.h; path = DragView.h; sourceTree = "<group>"; };
		C7B6CDE0194C3A720084968B /* DragView.m */ = {isa = PBXFileReference; fileEncoding = 4; lastKnownFileType = sourcecode.c.objc; path = DragView.m; sourceTree = "<group>"; };
		C7B6CDE1194C3A720084968B /* MainViewManagementTableVC.h */ = {isa = PBXFileReference; fileEncoding = 4; lastKnownFileType = sourcecode.c.h; path = MainViewManagementTableVC.h; sourceTree = "<group>"; };
		C7B6CDE2194C3A720084968B /* MainViewManagementTableVC.m */ = {isa = PBXFileReference; fileEncoding = 4; lastKnownFileType = sourcecode.c.objc; path = MainViewManagementTableVC.m; sourceTree = "<group>"; };
		C7B6CDE3194C3A720084968B /* ViewManagement.storyboard */ = {isa = PBXFileReference; fileEncoding = 4; lastKnownFileType = file.storyboard; path = ViewManagement.storyboard; sourceTree = "<group>"; };
		C7B6CDE4194C3A720084968B /* MultipleTouchView.h */ = {isa = PBXFileReference; fileEncoding = 4; lastKnownFileType = sourcecode.c.h; path = MultipleTouchView.h; sourceTree = "<group>"; };
		C7B6CDE5194C3A720084968B /* MultipleTouchView.m */ = {isa = PBXFileReference; fileEncoding = 4; lastKnownFileType = sourcecode.c.objc; path = MultipleTouchView.m; sourceTree = "<group>"; };
		C7B6CDE6194C3A720084968B /* MyButton.h */ = {isa = PBXFileReference; fileEncoding = 4; lastKnownFileType = sourcecode.c.h; path = MyButton.h; sourceTree = "<group>"; };
		C7B6CDE7194C3A720084968B /* MyButton.m */ = {isa = PBXFileReference; fileEncoding = 4; lastKnownFileType = sourcecode.c.objc; path = MyButton.m; sourceTree = "<group>"; };
		C7B6CDE8194C3A720084968B /* GenericViewManagementVC.h */ = {isa = PBXFileReference; fileEncoding = 4; lastKnownFileType = sourcecode.c.h; path = GenericViewManagementVC.h; sourceTree = "<group>"; };
		C7B6CDE9194C3A720084968B /* GenericViewManagementVC.m */ = {isa = PBXFileReference; fileEncoding = 4; lastKnownFileType = sourcecode.c.objc; path = GenericViewManagementVC.m; sourceTree = "<group>"; };
		C7BFA42E19507CA000197851 /* bFace.h */ = {isa = PBXFileReference; fileEncoding = 4; lastKnownFileType = sourcecode.c.h; path = bFace.h; sourceTree = "<group>"; };
		C7BFA42F19507CA000197851 /* bFace.m */ = {isa = PBXFileReference; fileEncoding = 4; lastKnownFileType = sourcecode.c.objc; path = bFace.m; sourceTree = "<group>"; };
		C7C38865194D926500B32603 /* HexagonsDrawingView.h */ = {isa = PBXFileReference; fileEncoding = 4; lastKnownFileType = sourcecode.c.h; path = HexagonsDrawingView.h; sourceTree = "<group>"; };
		C7C38866194D926500B32603 /* HexagonsDrawingView.m */ = {isa = PBXFileReference; fileEncoding = 4; lastKnownFileType = sourcecode.c.objc; path = HexagonsDrawingView.m; sourceTree = "<group>"; };
		C7C38868194D9C1300B32603 /* HexagonButton.h */ = {isa = PBXFileReference; fileEncoding = 4; lastKnownFileType = sourcecode.c.h; path = HexagonButton.h; sourceTree = "<group>"; };
		C7C38869194D9C1300B32603 /* HexagonButton.m */ = {isa = PBXFileReference; fileEncoding = 4; lastKnownFileType = sourcecode.c.objc; path = HexagonButton.m; sourceTree = "<group>"; };
/* End PBXFileReference section */

/* Begin PBXFrameworksBuildPhase section */
		C7B6CD5B194C32830084968B /* Frameworks */ = {
			isa = PBXFrameworksBuildPhase;
			buildActionMask = 2147483647;
			files = (
				C7B6CD64194C32830084968B /* CoreGraphics.framework in Frameworks */,
				C7B6CD66194C32830084968B /* UIKit.framework in Frameworks */,
				C7B6CD62194C32830084968B /* Foundation.framework in Frameworks */,
				7EE7A04C91CB4B4A97878183 /* libPods.a in Frameworks */,
			);
			runOnlyForDeploymentPostprocessing = 0;
		};
		C7B6CD7C194C32830084968B /* Frameworks */ = {
			isa = PBXFrameworksBuildPhase;
			buildActionMask = 2147483647;
			files = (
				C7B6CD81194C32830084968B /* XCTest.framework in Frameworks */,
				C7B6CD83194C32830084968B /* UIKit.framework in Frameworks */,
				C7B6CD82194C32830084968B /* Foundation.framework in Frameworks */,
			);
			runOnlyForDeploymentPostprocessing = 0;
		};
/* End PBXFrameworksBuildPhase section */

/* Begin PBXGroup section */
		C731A57D194C66ED00DCD6F3 /* Layers */ = {
			isa = PBXGroup;
			children = (
				C7BFA425194F937700197851 /* Views */,
				C731A588194C66ED00DCD6F3 /* Layers.storyboard */,
				C731A580194C66ED00DCD6F3 /* CAScrollLayerExampleVC.h */,
				C731A581194C66ED00DCD6F3 /* CAScrollLayerExampleVC.m */,
				C731A589194C66ED00DCD6F3 /* MainLayersTableVC.h */,
				C731A58A194C66ED00DCD6F3 /* MainLayersTableVC.m */,
				C731A58D194C66ED00DCD6F3 /* GenericLayersVC.h */,
				C731A58E194C66ED00DCD6F3 /* GenericLayersVC.m */,
			);
			path = Layers;
			sourceTree = "<group>";
		};
		C7B6CD55194C32830084968B = {
			isa = PBXGroup;
			children = (
				C7B6CD67194C32830084968B /* Week3 */,
				C7B6CD86194C32830084968B /* Week3Tests */,
				C7B6CD60194C32830084968B /* Frameworks */,
				C7B6CD5F194C32830084968B /* Products */,
				4F9E175B450940BB8C882FE8 /* Pods.xcconfig */,
			);
			sourceTree = "<group>";
		};
		C7B6CD5F194C32830084968B /* Products */ = {
			isa = PBXGroup;
			children = (
				C7B6CD5E194C32830084968B /* Week3.app */,
				C7B6CD7F194C32830084968B /* Week3Tests.xctest */,
			);
			name = Products;
			sourceTree = "<group>";
		};
		C7B6CD60194C32830084968B /* Frameworks */ = {
			isa = PBXGroup;
			children = (
				C7B6CD61194C32830084968B /* Foundation.framework */,
				C7B6CD63194C32830084968B /* CoreGraphics.framework */,
				C7B6CD65194C32830084968B /* UIKit.framework */,
				C7B6CD80194C32830084968B /* XCTest.framework */,
				1F9A0DCC0E8E43A3881D1A80 /* libPods.a */,
			);
			name = Frameworks;
			sourceTree = "<group>";
		};
		C7B6CD67194C32830084968B /* Week3 */ = {
			isa = PBXGroup;
			children = (
				C7B6CD70194C32830084968B /* AppDelegate.h */,
				C7B6CD71194C32830084968B /* AppDelegate.m */,
				C7B6CD73194C32830084968B /* Main.storyboard */,
				C7B6CD76194C32830084968B /* ViewController.h */,
				C7B6CD77194C32830084968B /* ViewController.m */,
				C7C38865194D926500B32603 /* HexagonsDrawingView.h */,
				C7C38866194D926500B32603 /* HexagonsDrawingView.m */,
				C7C38868194D9C1300B32603 /* HexagonButton.h */,
				C7C38869194D9C1300B32603 /* HexagonButton.m */,
				C7B6CDDE194C3A720084968B /* View management */,
				C7B6CDC0194C353B0084968B /* Drawing */,
				C731A57D194C66ED00DCD6F3 /* Layers */,
				C7B6CD79194C32830084968B /* Images.xcassets */,
				C7B6CD68194C32830084968B /* Supporting Files */,
			);
			path = Week3;
			sourceTree = "<group>";
		};
		C7B6CD68194C32830084968B /* Supporting Files */ = {
			isa = PBXGroup;
			children = (
				C7B6CD69194C32830084968B /* Week3-Info.plist */,
				C7B6CD6A194C32830084968B /* InfoPlist.strings */,
				C7B6CD6D194C32830084968B /* main.m */,
				C7B6CD6F194C32830084968B /* Week3-Prefix.pch */,
			);
			name = "Supporting Files";
			sourceTree = "<group>";
		};
		C7B6CD86194C32830084968B /* Week3Tests */ = {
			isa = PBXGroup;
			children = (
				C7B6CD8C194C32830084968B /* Week3Tests.m */,
				C7B6CD87194C32830084968B /* Supporting Files */,
			);
			path = Week3Tests;
			sourceTree = "<group>";
		};
		C7B6CD87194C32830084968B /* Supporting Files */ = {
			isa = PBXGroup;
			children = (
				C7B6CD88194C32830084968B /* Week3Tests-Info.plist */,
				C7B6CD89194C32830084968B /* InfoPlist.strings */,
			);
			name = "Supporting Files";
			sourceTree = "<group>";
		};
		C7B6CDC0194C353B0084968B /* Drawing */ = {
			isa = PBXGroup;
			children = (
				C7B6CDDB194C36210084968B /* Drawing.storyboard */,
				C7B6CDC1194C353B0084968B /* BezierFace.h */,
				C7B6CDC2194C353B0084968B /* BezierFace.m */,
				C7B6CDC3194C353B0084968B /* BlurExampleVC.h */,
				C7B6CDC4194C353B0084968B /* BlurExampleVC.m */,
				C7B6CDC5194C353B0084968B /* CoreGraphicsExamplesVC.h */,
				C7B6CDC6194C353B0084968B /* CoreGraphicsExamplesVC.m */,
				C7B6CDC7194C353B0084968B /* FiltersVC.h */,
				C7B6CDC8194C353B0084968B /* FiltersVC.m */,
				C7B6CDC9194C353B0084968B /* GenericDrawingVC.h */,
				C7B6CDCA194C353B0084968B /* GenericDrawingVC.m */,
				C7BFA42E19507CA000197851 /* bFace.h */,
				C7BFA42F19507CA000197851 /* bFace.m */,
				C7B6CDCB194C353B0084968B /* MainDrawingTableVC.h */,
				C7B6CDCC194C353B0084968B /* MainDrawingTableVC.m */,
				C7B6CDCD194C353B0084968B /* UIImage+ImageEffects.h */,
				C7B6CDCE194C353B0084968B /* UIImage+ImageEffects.m */,
				C7B6CDCF194C353B0084968B /* VignetteFilter.h */,
				C7B6CDD0194C353B0084968B /* VignetteFilter.m */,
			);
			path = Drawing;
			sourceTree = "<group>";
		};
		C7B6CDDE194C3A720084968B /* View management */ = {
			isa = PBXGroup;
			children = (
				C7B6CDDF194C3A720084968B /* DragView.h */,
				C7B6CDE0194C3A720084968B /* DragView.m */,
				C7B6CDE1194C3A720084968B /* MainViewManagementTableVC.h */,
				C7B6CDE2194C3A720084968B /* MainViewManagementTableVC.m */,
				C7B6CDE3194C3A720084968B /* ViewManagement.storyboard */,
				C7B6CDE4194C3A720084968B /* MultipleTouchView.h */,
				C7B6CDE5194C3A720084968B /* MultipleTouchView.m */,
				C7B6CDE6194C3A720084968B /* MyButton.h */,
				C7B6CDE7194C3A720084968B /* MyButton.m */,
				C7B6CDE8194C3A720084968B /* GenericViewManagementVC.h */,
				C7B6CDE9194C3A720084968B /* GenericViewManagementVC.m */,
			);
			path = "View management";
			sourceTree = "<group>";
		};
		C7BFA425194F937700197851 /* Views */ = {
			isa = PBXGroup;
			children = (
				C731A57E194C66ED00DCD6F3 /* Arrow.h */,
				C731A57F194C66ED00DCD6F3 /* Arrow.m */,
				C731A582194C66ED00DCD6F3 /* CATransformLayerExample.h */,
				C731A583194C66ED00DCD6F3 /* CATransformLayerExample.m */,
				C731A584194C66ED00DCD6F3 /* ClockLayer.h */,
				C731A585194C66ED00DCD6F3 /* ClockLayer.m */,
				C731A586194C66ED00DCD6F3 /* ClockView.h */,
				C731A587194C66ED00DCD6F3 /* ClockView.m */,
				C731A58B194C66ED00DCD6F3 /* SignalView.h */,
				C731A58C194C66ED00DCD6F3 /* SignalView.m */,
			);
			name = Views;
			sourceTree = "<group>";
		};
/* End PBXGroup section */

/* Begin PBXNativeTarget section */
		C7B6CD5D194C32830084968B /* Week3 */ = {
			isa = PBXNativeTarget;
			buildConfigurationList = C7B6CD90194C32830084968B /* Build configuration list for PBXNativeTarget "Week3" */;
			buildPhases = (
				C4E4552C04EC4401AFA007B8 /* Check Pods Manifest.lock */,
				C7B6CD5A194C32830084968B /* Sources */,
				C7B6CD5B194C32830084968B /* Frameworks */,
				C7B6CD5C194C32830084968B /* Resources */,
				516F2AE84DC94295BBF392CA /* Copy Pods Resources */,
			);
			buildRules = (
			);
			dependencies = (
			);
			name = Week3;
			productName = Week3;
			productReference = C7B6CD5E194C32830084968B /* Week3.app */;
			productType = "com.apple.product-type.application";
		};
		C7B6CD7E194C32830084968B /* Week3Tests */ = {
			isa = PBXNativeTarget;
			buildConfigurationList = C7B6CD93194C32830084968B /* Build configuration list for PBXNativeTarget "Week3Tests" */;
			buildPhases = (
				C7B6CD7B194C32830084968B /* Sources */,
				C7B6CD7C194C32830084968B /* Frameworks */,
				C7B6CD7D194C32830084968B /* Resources */,
			);
			buildRules = (
			);
			dependencies = (
				C7B6CD85194C32830084968B /* PBXTargetDependency */,
			);
			name = Week3Tests;
			productName = Week3Tests;
			productReference = C7B6CD7F194C32830084968B /* Week3Tests.xctest */;
			productType = "com.apple.product-type.bundle.unit-test";
		};
/* End PBXNativeTarget section */

/* Begin PBXProject section */
		C7B6CD56194C32830084968B /* Project object */ = {
			isa = PBXProject;
			attributes = {
				LastUpgradeCheck = 0510;
				ORGANIZATIONNAME = "Victor Baro";
				TargetAttributes = {
					C7B6CD7E194C32830084968B = {
						TestTargetID = C7B6CD5D194C32830084968B;
					};
				};
			};
			buildConfigurationList = C7B6CD59194C32830084968B /* Build configuration list for PBXProject "Week3" */;
			compatibilityVersion = "Xcode 3.2";
			developmentRegion = English;
			hasScannedForEncodings = 0;
			knownRegions = (
				en,
				Base,
			);
			mainGroup = C7B6CD55194C32830084968B;
			productRefGroup = C7B6CD5F194C32830084968B /* Products */;
			projectDirPath = "";
			projectRoot = "";
			targets = (
				C7B6CD5D194C32830084968B /* Week3 */,
				C7B6CD7E194C32830084968B /* Week3Tests */,
			);
		};
/* End PBXProject section */

/* Begin PBXResourcesBuildPhase section */
		C7B6CD5C194C32830084968B /* Resources */ = {
			isa = PBXResourcesBuildPhase;
			buildActionMask = 2147483647;
			files = (
				C731A594194C66ED00DCD6F3 /* Layers.storyboard in Resources */,
				C7B6CD7A194C32830084968B /* Images.xcassets in Resources */,
				C7B6CDEC194C3A720084968B /* ViewManagement.storyboard in Resources */,
				C7B6CDDC194C36210084968B /* Drawing.storyboard in Resources */,
				C7B6CD6C194C32830084968B /* InfoPlist.strings in Resources */,
				C7B6CD75194C32830084968B /* Main.storyboard in Resources */,
			);
			runOnlyForDeploymentPostprocessing = 0;
		};
		C7B6CD7D194C32830084968B /* Resources */ = {
			isa = PBXResourcesBuildPhase;
			buildActionMask = 2147483647;
			files = (
				C7B6CD8B194C32830084968B /* InfoPlist.strings in Resources */,
			);
			runOnlyForDeploymentPostprocessing = 0;
		};
/* End PBXResourcesBuildPhase section */

/* Begin PBXShellScriptBuildPhase section */
		516F2AE84DC94295BBF392CA /* Copy Pods Resources */ = {
			isa = PBXShellScriptBuildPhase;
			buildActionMask = 2147483647;
			files = (
			);
			inputPaths = (
			);
			name = "Copy Pods Resources";
			outputPaths = (
			);
			runOnlyForDeploymentPostprocessing = 0;
			shellPath = /bin/sh;
			shellScript = "\"${SRCROOT}/Pods/Pods-resources.sh\"\n";
			showEnvVarsInLog = 0;
		};
		C4E4552C04EC4401AFA007B8 /* Check Pods Manifest.lock */ = {
			isa = PBXShellScriptBuildPhase;
			buildActionMask = 2147483647;
			files = (
			);
			inputPaths = (
			);
			name = "Check Pods Manifest.lock";
			outputPaths = (
			);
			runOnlyForDeploymentPostprocessing = 0;
			shellPath = /bin/sh;
			shellScript = "diff \"${PODS_ROOT}/../Podfile.lock\" \"${PODS_ROOT}/Manifest.lock\" > /dev/null\nif [[ $? != 0 ]] ; then\n    cat << EOM\nerror: The sandbox is not in sync with the Podfile.lock. Run 'pod install' or update your CocoaPods installation.\nEOM\n    exit 1\nfi\n";
			showEnvVarsInLog = 0;
		};
/* End PBXShellScriptBuildPhase section */

/* Begin PBXSourcesBuildPhase section */
		C7B6CD5A194C32830084968B /* Sources */ = {
			isa = PBXSourcesBuildPhase;
			buildActionMask = 2147483647;
			files = (
				C7B6CD78194C32830084968B /* ViewController.m in Sources */,
				C7B6CD72194C32830084968B /* AppDelegate.m in Sources */,
				C731A596194C66ED00DCD6F3 /* SignalView.m in Sources */,
				C731A595194C66ED00DCD6F3 /* MainLayersTableVC.m in Sources */,
				C7B6CDEA194C3A720084968B /* DragView.m in Sources */,
				C7B6CDD8194C353B0084968B /* VignetteFilter.m in Sources */,
				C731A590194C66ED00DCD6F3 /* CAScrollLayerExampleVC.m in Sources */,
				C7B6CD6E194C32830084968B /* main.m in Sources */,
				C731A591194C66ED00DCD6F3 /* CATransformLayerExample.m in Sources */,
				C7B6CDD2194C353B0084968B /* BlurExampleVC.m in Sources */,
				C7B6CDD1194C353B0084968B /* BezierFace.m in Sources */,
				C7B6CDD3194C353B0084968B /* CoreGraphicsExamplesVC.m in Sources */,
				C7B6CDD7194C353B0084968B /* UIImage+ImageEffects.m in Sources */,
				C7B6CDEE194C3A720084968B /* MyButton.m in Sources */,
				C7BFA43019507CA000197851 /* bFace.m in Sources */,
				C731A593194C66ED00DCD6F3 /* ClockView.m in Sources */,
				C731A58F194C66ED00DCD6F3 /* Arrow.m in Sources */,
				C7B6CDEF194C3A720084968B /* GenericViewManagementVC.m in Sources */,
				C7B6CDD6194C353B0084968B /* MainDrawingTableVC.m in Sources */,
				C731A597194C66ED00DCD6F3 /* GenericLayersVC.m in Sources */,
				C7B6CDD4194C353B0084968B /* FiltersVC.m in Sources */,
				C7C3886A194D9C1300B32603 /* HexagonButton.m in Sources */,
				C7C38867194D926500B32603 /* HexagonsDrawingView.m in Sources */,
				C731A592194C66ED00DCD6F3 /* ClockLayer.m in Sources */,
				C7B6CDD5194C353B0084968B /* GenericDrawingVC.m in Sources */,
				C7B6CDED194C3A720084968B /* MultipleTouchView.m in Sources */,
				C7B6CDEB194C3A720084968B /* MainViewManagementTableVC.m in Sources */,
			);
			runOnlyForDeploymentPostprocessing = 0;
		};
		C7B6CD7B194C32830084968B /* Sources */ = {
			isa = PBXSourcesBuildPhase;
			buildActionMask = 2147483647;
			files = (
				C7B6CD8D194C32830084968B /* Week3Tests.m in Sources */,
			);
			runOnlyForDeploymentPostprocessing = 0;
		};
/* End PBXSourcesBuildPhase section */

/* Begin PBXTargetDependency section */
		C7B6CD85194C32830084968B /* PBXTargetDependency */ = {
			isa = PBXTargetDependency;
			target = C7B6CD5D194C32830084968B /* Week3 */;
			targetProxy = C7B6CD84194C32830084968B /* PBXContainerItemProxy */;
		};
/* End PBXTargetDependency section */

/* Begin PBXVariantGroup section */
		C7B6CD6A194C32830084968B /* InfoPlist.strings */ = {
			isa = PBXVariantGroup;
			children = (
				C7B6CD6B194C32830084968B /* en */,
			);
			name = InfoPlist.strings;
			sourceTree = "<group>";
		};
		C7B6CD73194C32830084968B /* Main.storyboard */ = {
			isa = PBXVariantGroup;
			children = (
				C7B6CD74194C32830084968B /* Base */,
			);
			name = Main.storyboard;
			sourceTree = "<group>";
		};
		C7B6CD89194C32830084968B /* InfoPlist.strings */ = {
			isa = PBXVariantGroup;
			children = (
				C7B6CD8A194C32830084968B /* en */,
			);
			name = InfoPlist.strings;
			sourceTree = "<group>";
		};
/* End PBXVariantGroup section */

/* Begin XCBuildConfiguration section */
		C7B6CD8E194C32830084968B /* Debug */ = {
			isa = XCBuildConfiguration;
			buildSettings = {
				ALWAYS_SEARCH_USER_PATHS = NO;
				CLANG_CXX_LANGUAGE_STANDARD = "gnu++0x";
				CLANG_CXX_LIBRARY = "libc++";
				CLANG_ENABLE_MODULES = YES;
				CLANG_ENABLE_OBJC_ARC = YES;
				CLANG_WARN_BOOL_CONVERSION = YES;
				CLANG_WARN_CONSTANT_CONVERSION = YES;
				CLANG_WARN_DIRECT_OBJC_ISA_USAGE = YES_ERROR;
				CLANG_WARN_EMPTY_BODY = YES;
				CLANG_WARN_ENUM_CONVERSION = YES;
				CLANG_WARN_INT_CONVERSION = YES;
				CLANG_WARN_OBJC_ROOT_CLASS = YES_ERROR;
				CLANG_WARN__DUPLICATE_METHOD_MATCH = YES;
				"CODE_SIGN_IDENTITY[sdk=iphoneos*]" = "iPhone Developer";
				COPY_PHASE_STRIP = NO;
				GCC_C_LANGUAGE_STANDARD = gnu99;
				GCC_DYNAMIC_NO_PIC = NO;
				GCC_OPTIMIZATION_LEVEL = 0;
				GCC_PREPROCESSOR_DEFINITIONS = (
					"DEBUG=1",
					"$(inherited)",
				);
				GCC_SYMBOLS_PRIVATE_EXTERN = NO;
				GCC_WARN_64_TO_32_BIT_CONVERSION = YES;
				GCC_WARN_ABOUT_RETURN_TYPE = YES_ERROR;
				GCC_WARN_UNDECLARED_SELECTOR = YES;
				GCC_WARN_UNINITIALIZED_AUTOS = YES_AGGRESSIVE;
				GCC_WARN_UNUSED_FUNCTION = YES;
				GCC_WARN_UNUSED_VARIABLE = YES;
				IPHONEOS_DEPLOYMENT_TARGET = 7.1;
				ONLY_ACTIVE_ARCH = YES;
				SDKROOT = iphoneos;
			};
			name = Debug;
		};
		C7B6CD8F194C32830084968B /* Release */ = {
			isa = XCBuildConfiguration;
			buildSettings = {
				ALWAYS_SEARCH_USER_PATHS = NO;
				CLANG_CXX_LANGUAGE_STANDARD = "gnu++0x";
				CLANG_CXX_LIBRARY = "libc++";
				CLANG_ENABLE_MODULES = YES;
				CLANG_ENABLE_OBJC_ARC = YES;
				CLANG_WARN_BOOL_CONVERSION = YES;
				CLANG_WARN_CONSTANT_CONVERSION = YES;
				CLANG_WARN_DIRECT_OBJC_ISA_USAGE = YES_ERROR;
				CLANG_WARN_EMPTY_BODY = YES;
				CLANG_WARN_ENUM_CONVERSION = YES;
				CLANG_WARN_INT_CONVERSION = YES;
				CLANG_WARN_OBJC_ROOT_CLASS = YES_ERROR;
				CLANG_WARN__DUPLICATE_METHOD_MATCH = YES;
				"CODE_SIGN_IDENTITY[sdk=iphoneos*]" = "iPhone Developer";
				COPY_PHASE_STRIP = YES;
				ENABLE_NS_ASSERTIONS = NO;
				GCC_C_LANGUAGE_STANDARD = gnu99;
				GCC_WARN_64_TO_32_BIT_CONVERSION = YES;
				GCC_WARN_ABOUT_RETURN_TYPE = YES_ERROR;
				GCC_WARN_UNDECLARED_SELECTOR = YES;
				GCC_WARN_UNINITIALIZED_AUTOS = YES_AGGRESSIVE;
				GCC_WARN_UNUSED_FUNCTION = YES;
				GCC_WARN_UNUSED_VARIABLE = YES;
				IPHONEOS_DEPLOYMENT_TARGET = 7.1;
				SDKROOT = iphoneos;
				VALIDATE_PRODUCT = YES;
			};
			name = Release;
		};
		C7B6CD91194C32830084968B /* Debug */ = {
			isa = XCBuildConfiguration;
			baseConfigurationReference = 4F9E175B450940BB8C882FE8 /* Pods.xcconfig */;
			buildSettings = {
				ASSETCATALOG_COMPILER_APPICON_NAME = AppIcon;
				ASSETCATALOG_COMPILER_LAUNCHIMAGE_NAME = LaunchImage;
				CODE_SIGN_IDENTITY = "iPhone Developer";
				GCC_PRECOMPILE_PREFIX_HEADER = YES;
				GCC_PREFIX_HEADER = "Week3/Week3-Prefix.pch";
				INFOPLIST_FILE = "Week3/Week3-Info.plist";
				PRODUCT_NAME = "$(TARGET_NAME)";
				WRAPPER_EXTENSION = app;
			};
			name = Debug;
		};
		C7B6CD92194C32830084968B /* Release */ = {
			isa = XCBuildConfiguration;
			baseConfigurationReference = 4F9E175B450940BB8C882FE8 /* Pods.xcconfig */;
			buildSettings = {
				ASSETCATALOG_COMPILER_APPICON_NAME = AppIcon;
				ASSETCATALOG_COMPILER_LAUNCHIMAGE_NAME = LaunchImage;
				CODE_SIGN_IDENTITY = "iPhone Developer";
				GCC_PRECOMPILE_PREFIX_HEADER = YES;
				GCC_PREFIX_HEADER = "Week3/Week3-Prefix.pch";
				INFOPLIST_FILE = "Week3/Week3-Info.plist";
				PRODUCT_NAME = "$(TARGET_NAME)";
				WRAPPER_EXTENSION = app;
			};
			name = Release;
		};
		C7B6CD94194C32830084968B /* Debug */ = {
			isa = XCBuildConfiguration;
			buildSettings = {
				BUNDLE_LOADER = "$(BUILT_PRODUCTS_DIR)/Week3.app/Week3";
				FRAMEWORK_SEARCH_PATHS = (
					"$(SDKROOT)/Developer/Library/Frameworks",
					"$(inherited)",
					"$(DEVELOPER_FRAMEWORKS_DIR)",
				);
				GCC_PRECOMPILE_PREFIX_HEADER = YES;
				GCC_PREFIX_HEADER = "Week3/Week3-Prefix.pch";
				GCC_PREPROCESSOR_DEFINITIONS = (
					"DEBUG=1",
					"$(inherited)",
				);
				INFOPLIST_FILE = "Week3Tests/Week3Tests-Info.plist";
				PRODUCT_NAME = "$(TARGET_NAME)";
				TEST_HOST = "$(BUNDLE_LOADER)";
				WRAPPER_EXTENSION = xctest;
			};
			name = Debug;
		};
		C7B6CD95194C32830084968B /* Release */ = {
			isa = XCBuildConfiguration;
			buildSettings = {
				BUNDLE_LOADER = "$(BUILT_PRODUCTS_DIR)/Week3.app/Week3";
				FRAMEWORK_SEARCH_PATHS = (
					"$(SDKROOT)/Developer/Library/Frameworks",
					"$(inherited)",
					"$(DEVELOPER_FRAMEWORKS_DIR)",
				);
				GCC_PRECOMPILE_PREFIX_HEADER = YES;
				GCC_PREFIX_HEADER = "Week3/Week3-Prefix.pch";
				INFOPLIST_FILE = "Week3Tests/Week3Tests-Info.plist";
				PRODUCT_NAME = "$(TARGET_NAME)";
				TEST_HOST = "$(BUNDLE_LOADER)";
				WRAPPER_EXTENSION = xctest;
			};
			name = Release;
		};
/* End XCBuildConfiguration section */

/* Begin XCConfigurationList section */
		C7B6CD59194C32830084968B /* Build configuration list for PBXProject "Week3" */ = {
			isa = XCConfigurationList;
			buildConfigurations = (
				C7B6CD8E194C32830084968B /* Debug */,
				C7B6CD8F194C32830084968B /* Release */,
			);
			defaultConfigurationIsVisible = 0;
			defaultConfigurationName = Release;
		};
		C7B6CD90194C32830084968B /* Build configuration list for PBXNativeTarget "Week3" */ = {
			isa = XCConfigurationList;
			buildConfigurations = (
				C7B6CD91194C32830084968B /* Debug */,
				C7B6CD92194C32830084968B /* Release */,
			);
			defaultConfigurationIsVisible = 0;
			defaultConfigurationName = Release;
		};
		C7B6CD93194C32830084968B /* Build configuration list for PBXNativeTarget "Week3Tests" */ = {
			isa = XCConfigurationList;
			buildConfigurations = (
				C7B6CD94194C32830084968B /* Debug */,
				C7B6CD95194C32830084968B /* Release */,
			);
			defaultConfigurationIsVisible = 0;
			defaultConfigurationName = Release;
		};
/* End XCConfigurationList section */
	};
	rootObject = C7B6CD56194C32830084968B /* Project object */;
}
